// !$*UTF8*$!
{
	archiveVersion = 1;
	classes = {
	};
	objectVersion = 45;
	objects = {

/* Begin PBXBuildFile section */
		1DDD58160DA1D0A300B32029 /* MainMenu.xib in Resources */ = {isa = PBXBuildFile; fileRef = 1DDD58140DA1D0A300B32029 /* MainMenu.xib */; };
		5267371510E93E13005E133C /* ApiKeyController.m in Sources */ = {isa = PBXBuildFile; fileRef = 5267371410E93E13005E133C /* ApiKeyController.m */; };
		5267372A10E93FA5005E133C /* ApiKey.xib in Resources */ = {isa = PBXBuildFile; fileRef = 5267372910E93FA5005E133C /* ApiKey.xib */; };
		52783FDB10E6ED030004235A /* EchowavesController.m in Sources */ = {isa = PBXBuildFile; fileRef = 52783FDA10E6ED030004235A /* EchowavesController.m */; };
		52783FDE10E6F65E0004235A /* ewHL.png in Resources */ = {isa = PBXBuildFile; fileRef = 52783FDC10E6F65E0004235A /* ewHL.png */; };
		52783FDF10E6F65E0004235A /* ewBW.png in Resources */ = {isa = PBXBuildFile; fileRef = 52783FDD10E6F65E0004235A /* ewBW.png */; };
		5278402410E6FF010004235A /* NSObject+SBJSON.m in Sources */ = {isa = PBXBuildFile; fileRef = 5278401910E6FF010004235A /* NSObject+SBJSON.m */; };
		5278402510E6FF010004235A /* NSString+SBJSON.m in Sources */ = {isa = PBXBuildFile; fileRef = 5278401B10E6FF010004235A /* NSString+SBJSON.m */; };
		5278402610E6FF010004235A /* SBJSON.m in Sources */ = {isa = PBXBuildFile; fileRef = 5278401D10E6FF010004235A /* SBJSON.m */; };
		5278402710E6FF010004235A /* SBJsonBase.m in Sources */ = {isa = PBXBuildFile; fileRef = 5278401F10E6FF010004235A /* SBJsonBase.m */; };
		5278402810E6FF010004235A /* SBJsonParser.m in Sources */ = {isa = PBXBuildFile; fileRef = 5278402110E6FF010004235A /* SBJsonParser.m */; };
		5278402910E6FF010004235A /* SBJsonWriter.m in Sources */ = {isa = PBXBuildFile; fileRef = 5278402310E6FF010004235A /* SBJsonWriter.m */; };
		5278402D10E6FF8F0004235A /* Echowaves.m in Sources */ = {isa = PBXBuildFile; fileRef = 5278402C10E6FF8F0004235A /* Echowaves.m */; };
		5278417D10E7AFC00004235A /* UpdatedConvo.m in Sources */ = {isa = PBXBuildFile; fileRef = 5278417C10E7AFC00004235A /* UpdatedConvo.m */; };
		527841DF10E7EC450004235A /* ewColor.png in Resources */ = {isa = PBXBuildFile; fileRef = 527841DE10E7EC450004235A /* ewColor.png */; };
		8D11072B0486CEB800E47090 /* InfoPlist.strings in Resources */ = {isa = PBXBuildFile; fileRef = 089C165CFE840E0CC02AAC07 /* InfoPlist.strings */; };
		8D11072D0486CEB800E47090 /* main.m in Sources */ = {isa = PBXBuildFile; fileRef = 29B97316FDCFA39411CA2CEA /* main.m */; settings = {ATTRIBUTES = (); }; };
		8D11072F0486CEB800E47090 /* Cocoa.framework in Frameworks */ = {isa = PBXBuildFile; fileRef = 1058C7A1FEA54F0111CA2CBB /* Cocoa.framework */; };
/* End PBXBuildFile section */

/* Begin PBXFileReference section */
		089C165DFE840E0CC02AAC07 /* English */ = {isa = PBXFileReference; fileEncoding = 4; lastKnownFileType = text.plist.strings; name = English; path = English.lproj/InfoPlist.strings; sourceTree = "<group>"; };
		1058C7A1FEA54F0111CA2CBB /* Cocoa.framework */ = {isa = PBXFileReference; lastKnownFileType = wrapper.framework; name = Cocoa.framework; path = /System/Library/Frameworks/Cocoa.framework; sourceTree = "<absolute>"; };
		13E42FB307B3F0F600E4EEF1 /* CoreData.framework */ = {isa = PBXFileReference; lastKnownFileType = wrapper.framework; name = CoreData.framework; path = /System/Library/Frameworks/CoreData.framework; sourceTree = "<absolute>"; };
		1DDD58150DA1D0A300B32029 /* English */ = {isa = PBXFileReference; lastKnownFileType = file.xib; name = English; path = English.lproj/MainMenu.xib; sourceTree = "<group>"; };
		256AC3F00F4B6AF500CF3369 /* EchowavesNotifier_Prefix.pch */ = {isa = PBXFileReference; fileEncoding = 4; lastKnownFileType = sourcecode.c.h; path = EchowavesNotifier_Prefix.pch; sourceTree = "<group>"; };
		29B97316FDCFA39411CA2CEA /* main.m */ = {isa = PBXFileReference; fileEncoding = 4; lastKnownFileType = sourcecode.c.objc; path = main.m; sourceTree = "<group>"; };
		29B97324FDCFA39411CA2CEA /* AppKit.framework */ = {isa = PBXFileReference; lastKnownFileType = wrapper.framework; name = AppKit.framework; path = /System/Library/Frameworks/AppKit.framework; sourceTree = "<absolute>"; };
		29B97325FDCFA39411CA2CEA /* Foundation.framework */ = {isa = PBXFileReference; lastKnownFileType = wrapper.framework; name = Foundation.framework; path = /System/Library/Frameworks/Foundation.framework; sourceTree = "<absolute>"; };
		5267371310E93E13005E133C /* ApiKeyController.h */ = {isa = PBXFileReference; fileEncoding = 4; lastKnownFileType = sourcecode.c.h; path = ApiKeyController.h; sourceTree = "<group>"; };
		5267371410E93E13005E133C /* ApiKeyController.m */ = {isa = PBXFileReference; fileEncoding = 4; lastKnownFileType = sourcecode.c.objc; path = ApiKeyController.m; sourceTree = "<group>"; };
		5267372910E93FA5005E133C /* ApiKey.xib */ = {isa = PBXFileReference; lastKnownFileType = file.xib; path = ApiKey.xib; sourceTree = "<group>"; };
		52783FD910E6ED030004235A /* EchowavesController.h */ = {isa = PBXFileReference; fileEncoding = 4; lastKnownFileType = sourcecode.c.h; path = EchowavesController.h; sourceTree = "<group>"; };
		52783FDA10E6ED030004235A /* EchowavesController.m */ = {isa = PBXFileReference; fileEncoding = 4; lastKnownFileType = sourcecode.c.objc; path = EchowavesController.m; sourceTree = "<group>"; };
		52783FDC10E6F65E0004235A /* ewHL.png */ = {isa = PBXFileReference; lastKnownFileType = image.png; path = ewHL.png; sourceTree = "<group>"; };
		52783FDD10E6F65E0004235A /* ewBW.png */ = {isa = PBXFileReference; lastKnownFileType = image.png; path = ewBW.png; sourceTree = "<group>"; };
		5278401710E6FF010004235A /* JSON.h */ = {isa = PBXFileReference; fileEncoding = 4; lastKnownFileType = sourcecode.c.h; path = JSON.h; sourceTree = "<group>"; };
		5278401810E6FF010004235A /* NSObject+SBJSON.h */ = {isa = PBXFileReference; fileEncoding = 4; lastKnownFileType = sourcecode.c.h; path = "NSObject+SBJSON.h"; sourceTree = "<group>"; };
		5278401910E6FF010004235A /* NSObject+SBJSON.m */ = {isa = PBXFileReference; fileEncoding = 4; lastKnownFileType = sourcecode.c.objc; path = "NSObject+SBJSON.m"; sourceTree = "<group>"; };
		5278401A10E6FF010004235A /* NSString+SBJSON.h */ = {isa = PBXFileReference; fileEncoding = 4; lastKnownFileType = sourcecode.c.h; path = "NSString+SBJSON.h"; sourceTree = "<group>"; };
		5278401B10E6FF010004235A /* NSString+SBJSON.m */ = {isa = PBXFileReference; fileEncoding = 4; lastKnownFileType = sourcecode.c.objc; path = "NSString+SBJSON.m"; sourceTree = "<group>"; };
		5278401C10E6FF010004235A /* SBJSON.h */ = {isa = PBXFileReference; fileEncoding = 4; lastKnownFileType = sourcecode.c.h; path = SBJSON.h; sourceTree = "<group>"; };
		5278401D10E6FF010004235A /* SBJSON.m */ = {isa = PBXFileReference; fileEncoding = 4; lastKnownFileType = sourcecode.c.objc; path = SBJSON.m; sourceTree = "<group>"; };
		5278401E10E6FF010004235A /* SBJsonBase.h */ = {isa = PBXFileReference; fileEncoding = 4; lastKnownFileType = sourcecode.c.h; path = SBJsonBase.h; sourceTree = "<group>"; };
		5278401F10E6FF010004235A /* SBJsonBase.m */ = {isa = PBXFileReference; fileEncoding = 4; lastKnownFileType = sourcecode.c.objc; path = SBJsonBase.m; sourceTree = "<group>"; };
		5278402010E6FF010004235A /* SBJsonParser.h */ = {isa = PBXFileReference; fileEncoding = 4; lastKnownFileType = sourcecode.c.h; path = SBJsonParser.h; sourceTree = "<group>"; };
		5278402110E6FF010004235A /* SBJsonParser.m */ = {isa = PBXFileReference; fileEncoding = 4; lastKnownFileType = sourcecode.c.objc; path = SBJsonParser.m; sourceTree = "<group>"; };
		5278402210E6FF010004235A /* SBJsonWriter.h */ = {isa = PBXFileReference; fileEncoding = 4; lastKnownFileType = sourcecode.c.h; path = SBJsonWriter.h; sourceTree = "<group>"; };
		5278402310E6FF010004235A /* SBJsonWriter.m */ = {isa = PBXFileReference; fileEncoding = 4; lastKnownFileType = sourcecode.c.objc; path = SBJsonWriter.m; sourceTree = "<group>"; };
		5278402B10E6FF8F0004235A /* Echowaves.h */ = {isa = PBXFileReference; fileEncoding = 4; lastKnownFileType = sourcecode.c.h; path = Echowaves.h; sourceTree = "<group>"; };
		5278402C10E6FF8F0004235A /* Echowaves.m */ = {isa = PBXFileReference; fileEncoding = 4; lastKnownFileType = sourcecode.c.objc; path = Echowaves.m; sourceTree = "<group>"; };
		5278417B10E7AFC00004235A /* UpdatedConvo.h */ = {isa = PBXFileReference; fileEncoding = 4; lastKnownFileType = sourcecode.c.h; path = UpdatedConvo.h; sourceTree = "<group>"; };
		5278417C10E7AFC00004235A /* UpdatedConvo.m */ = {isa = PBXFileReference; fileEncoding = 4; lastKnownFileType = sourcecode.c.objc; path = UpdatedConvo.m; sourceTree = "<group>"; };
		527841DE10E7EC450004235A /* ewColor.png */ = {isa = PBXFileReference; lastKnownFileType = image.png; path = ewColor.png; sourceTree = "<group>"; };
		8D1107310486CEB800E47090 /* EchowavesNotifier-Info.plist */ = {isa = PBXFileReference; fileEncoding = 4; lastKnownFileType = text.plist.xml; path = "EchowavesNotifier-Info.plist"; sourceTree = "<group>"; };
		8D1107320486CEB800E47090 /* EchowavesNotifier.app */ = {isa = PBXFileReference; explicitFileType = wrapper.application; includeInIndex = 0; path = EchowavesNotifier.app; sourceTree = BUILT_PRODUCTS_DIR; };
/* End PBXFileReference section */

/* Begin PBXFrameworksBuildPhase section */
		8D11072E0486CEB800E47090 /* Frameworks */ = {
			isa = PBXFrameworksBuildPhase;
			buildActionMask = 2147483647;
			files = (
				8D11072F0486CEB800E47090 /* Cocoa.framework in Frameworks */,
			);
			runOnlyForDeploymentPostprocessing = 0;
		};
/* End PBXFrameworksBuildPhase section */

/* Begin PBXGroup section */
		080E96DDFE201D6D7F000001 /* Classes */ = {
			isa = PBXGroup;
			children = (
				5278402B10E6FF8F0004235A /* Echowaves.h */,
				5278402C10E6FF8F0004235A /* Echowaves.m */,
				5278417B10E7AFC00004235A /* UpdatedConvo.h */,
				5278417C10E7AFC00004235A /* UpdatedConvo.m */,
			);
			name = Classes;
			sourceTree = "<group>";
		};
		1058C7A0FEA54F0111CA2CBB /* Linked Frameworks */ = {
			isa = PBXGroup;
			children = (
				1058C7A1FEA54F0111CA2CBB /* Cocoa.framework */,
			);
			name = "Linked Frameworks";
			sourceTree = "<group>";
		};
		1058C7A2FEA54F0111CA2CBB /* Other Frameworks */ = {
			isa = PBXGroup;
			children = (
				29B97324FDCFA39411CA2CEA /* AppKit.framework */,
				13E42FB307B3F0F600E4EEF1 /* CoreData.framework */,
				29B97325FDCFA39411CA2CEA /* Foundation.framework */,
			);
			name = "Other Frameworks";
			sourceTree = "<group>";
		};
		19C28FACFE9D520D11CA2CBB /* Products */ = {
			isa = PBXGroup;
			children = (
				8D1107320486CEB800E47090 /* EchowavesNotifier.app */,
			);
			name = Products;
			sourceTree = "<group>";
		};
		29B97314FDCFA39411CA2CEA /* EchowavesNotifier */ = {
			isa = PBXGroup;
			children = (
				5267355110E809B6005E133C /* Controllers */,
				5278401610E6FF010004235A /* JSON */,
				080E96DDFE201D6D7F000001 /* Classes */,
				29B97315FDCFA39411CA2CEA /* Other Sources */,
				29B97317FDCFA39411CA2CEA /* Resources */,
				29B97323FDCFA39411CA2CEA /* Frameworks */,
				19C28FACFE9D520D11CA2CBB /* Products */,
			);
			name = EchowavesNotifier;
			sourceTree = "<group>";
		};
		29B97315FDCFA39411CA2CEA /* Other Sources */ = {
			isa = PBXGroup;
			children = (
				256AC3F00F4B6AF500CF3369 /* EchowavesNotifier_Prefix.pch */,
				29B97316FDCFA39411CA2CEA /* main.m */,
			);
			name = "Other Sources";
			sourceTree = "<group>";
		};
		29B97317FDCFA39411CA2CEA /* Resources */ = {
			isa = PBXGroup;
			children = (
				527841DE10E7EC450004235A /* ewColor.png */,
				52783FDC10E6F65E0004235A /* ewHL.png */,
				52783FDD10E6F65E0004235A /* ewBW.png */,
				8D1107310486CEB800E47090 /* EchowavesNotifier-Info.plist */,
				089C165CFE840E0CC02AAC07 /* InfoPlist.strings */,
				1DDD58140DA1D0A300B32029 /* MainMenu.xib */,
				5267372910E93FA5005E133C /* ApiKey.xib */,
			);
			name = Resources;
			sourceTree = "<group>";
		};
		29B97323FDCFA39411CA2CEA /* Frameworks */ = {
			isa = PBXGroup;
			children = (
				1058C7A0FEA54F0111CA2CBB /* Linked Frameworks */,
				1058C7A2FEA54F0111CA2CBB /* Other Frameworks */,
			);
			name = Frameworks;
			sourceTree = "<group>";
		};
		5267355110E809B6005E133C /* Controllers */ = {
			isa = PBXGroup;
			children = (
				52783FD910E6ED030004235A /* EchowavesController.h */,
				52783FDA10E6ED030004235A /* EchowavesController.m */,
				5267371310E93E13005E133C /* ApiKeyController.h */,
				5267371410E93E13005E133C /* ApiKeyController.m */,
			);
			name = Controllers;
			sourceTree = "<group>";
		};
		5278401610E6FF010004235A /* JSON */ = {
			isa = PBXGroup;
			children = (
				5278401710E6FF010004235A /* JSON.h */,
				5278401810E6FF010004235A /* NSObject+SBJSON.h */,
				5278401910E6FF010004235A /* NSObject+SBJSON.m */,
				5278401A10E6FF010004235A /* NSString+SBJSON.h */,
				5278401B10E6FF010004235A /* NSString+SBJSON.m */,
				5278401C10E6FF010004235A /* SBJSON.h */,
				5278401D10E6FF010004235A /* SBJSON.m */,
				5278401E10E6FF010004235A /* SBJsonBase.h */,
				5278401F10E6FF010004235A /* SBJsonBase.m */,
				5278402010E6FF010004235A /* SBJsonParser.h */,
				5278402110E6FF010004235A /* SBJsonParser.m */,
				5278402210E6FF010004235A /* SBJsonWriter.h */,
				5278402310E6FF010004235A /* SBJsonWriter.m */,
			);
			path = JSON;
			sourceTree = "<group>";
		};
/* End PBXGroup section */

/* Begin PBXNativeTarget section */
		8D1107260486CEB800E47090 /* EchowavesNotifier */ = {
			isa = PBXNativeTarget;
			buildConfigurationList = C01FCF4A08A954540054247B /* Build configuration list for PBXNativeTarget "EchowavesNotifier" */;
			buildPhases = (
				8D1107290486CEB800E47090 /* Resources */,
				8D11072C0486CEB800E47090 /* Sources */,
				8D11072E0486CEB800E47090 /* Frameworks */,
			);
			buildRules = (
			);
			dependencies = (
			);
			name = EchowavesNotifier;
			productInstallPath = "$(HOME)/Applications";
			productName = EchowavesNotifier;
			productReference = 8D1107320486CEB800E47090 /* EchowavesNotifier.app */;
			productType = "com.apple.product-type.application";
		};
/* End PBXNativeTarget section */

/* Begin PBXProject section */
		29B97313FDCFA39411CA2CEA /* Project object */ = {
			isa = PBXProject;
			buildConfigurationList = C01FCF4E08A954540054247B /* Build configuration list for PBXProject "EchowavesNotifier" */;
			compatibilityVersion = "Xcode 3.1";
			hasScannedForEncodings = 1;
			mainGroup = 29B97314FDCFA39411CA2CEA /* EchowavesNotifier */;
			projectDirPath = "";
			projectRoot = "";
			targets = (
				8D1107260486CEB800E47090 /* EchowavesNotifier */,
			);
		};
/* End PBXProject section */

/* Begin PBXResourcesBuildPhase section */
		8D1107290486CEB800E47090 /* Resources */ = {
			isa = PBXResourcesBuildPhase;
			buildActionMask = 2147483647;
			files = (
				8D11072B0486CEB800E47090 /* InfoPlist.strings in Resources */,
				1DDD58160DA1D0A300B32029 /* MainMenu.xib in Resources */,
				52783FDE10E6F65E0004235A /* ewHL.png in Resources */,
				52783FDF10E6F65E0004235A /* ewBW.png in Resources */,
				527841DF10E7EC450004235A /* ewColor.png in Resources */,
				5267372A10E93FA5005E133C /* ApiKey.xib in Resources */,
			);
			runOnlyForDeploymentPostprocessing = 0;
		};
/* End PBXResourcesBuildPhase section */

/* Begin PBXSourcesBuildPhase section */
		8D11072C0486CEB800E47090 /* Sources */ = {
			isa = PBXSourcesBuildPhase;
			buildActionMask = 2147483647;
			files = (
				8D11072D0486CEB800E47090 /* main.m in Sources */,
				52783FDB10E6ED030004235A /* EchowavesController.m in Sources */,
				5278402410E6FF010004235A /* NSObject+SBJSON.m in Sources */,
				5278402510E6FF010004235A /* NSString+SBJSON.m in Sources */,
				5278402610E6FF010004235A /* SBJSON.m in Sources */,
				5278402710E6FF010004235A /* SBJsonBase.m in Sources */,
				5278402810E6FF010004235A /* SBJsonParser.m in Sources */,
				5278402910E6FF010004235A /* SBJsonWriter.m in Sources */,
				5278402D10E6FF8F0004235A /* Echowaves.m in Sources */,
				5278417D10E7AFC00004235A /* UpdatedConvo.m in Sources */,
				5267371510E93E13005E133C /* ApiKeyController.m in Sources */,
			);
			runOnlyForDeploymentPostprocessing = 0;
		};
/* End PBXSourcesBuildPhase section */

/* Begin PBXVariantGroup section */
		089C165CFE840E0CC02AAC07 /* InfoPlist.strings */ = {
			isa = PBXVariantGroup;
			children = (
				089C165DFE840E0CC02AAC07 /* English */,
			);
			name = InfoPlist.strings;
			sourceTree = "<group>";
		};
		1DDD58140DA1D0A300B32029 /* MainMenu.xib */ = {
			isa = PBXVariantGroup;
			children = (
				1DDD58150DA1D0A300B32029 /* English */,
			);
			name = MainMenu.xib;
			sourceTree = "<group>";
		};
/* End PBXVariantGroup section */

/* Begin XCBuildConfiguration section */
		C01FCF4B08A954540054247B /* Debug */ = {
			isa = XCBuildConfiguration;
			buildSettings = {
				ALWAYS_SEARCH_USER_PATHS = NO;
				COPY_PHASE_STRIP = NO;
				GCC_DYNAMIC_NO_PIC = NO;
				GCC_ENABLE_FIX_AND_CONTINUE = YES;
				GCC_MODEL_TUNING = G5;
				GCC_OPTIMIZATION_LEVEL = 0;
				GCC_PRECOMPILE_PREFIX_HEADER = YES;
				GCC_PREFIX_HEADER = EchowavesNotifier_Prefix.pch;
				INFOPLIST_FILE = "EchowavesNotifier-Info.plist";
				INSTALL_PATH = "$(HOME)/Applications";
				PRODUCT_NAME = EchowavesNotifier;
			};
			name = Debug;
		};
		C01FCF4C08A954540054247B /* Release */ = {
			isa = XCBuildConfiguration;
			buildSettings = {
				ALWAYS_SEARCH_USER_PATHS = NO;
				DEBUG_INFORMATION_FORMAT = "dwarf-with-dsym";
				GCC_MODEL_TUNING = G5;
				GCC_PRECOMPILE_PREFIX_HEADER = YES;
				GCC_PREFIX_HEADER = EchowavesNotifier_Prefix.pch;
				INFOPLIST_FILE = "EchowavesNotifier-Info.plist";
				INSTALL_PATH = "$(HOME)/Applications";
				PRODUCT_NAME = EchowavesNotifier;
			};
			name = Release;
		};
		C01FCF4F08A954540054247B /* Debug */ = {
			isa = XCBuildConfiguration;
			buildSettings = {
				ARCHS = "$(ARCHS_STANDARD_32_64_BIT)";
				GCC_C_LANGUAGE_STANDARD = gnu99;
				GCC_OPTIMIZATION_LEVEL = 0;
				GCC_WARN_ABOUT_RETURN_TYPE = YES;
				GCC_WARN_UNUSED_VARIABLE = YES;
				ONLY_ACTIVE_ARCH = YES;
				PREBINDING = NO;
				SDKROOT = macosx10.5;
			};
			name = Debug;
		};
		C01FCF5008A954540054247B /* Release */ = {
			isa = XCBuildConfiguration;
			buildSettings = {
				ARCHS = "$(ARCHS_STANDARD_32_64_BIT)";
				GCC_C_LANGUAGE_STANDARD = gnu99;
				GCC_WARN_ABOUT_RETURN_TYPE = YES;
				GCC_WARN_UNUSED_VARIABLE = YES;
				PREBINDING = NO;
				SDKROOT = macosx10.6;
			};
			name = Release;
		};
/* End XCBuildConfiguration section */

/* Begin XCConfigurationList section */
		C01FCF4A08A954540054247B /* Build configuration list for PBXNativeTarget "EchowavesNotifier" */ = {
			isa = XCConfigurationList;
			buildConfigurations = (
				C01FCF4B08A954540054247B /* Debug */,
				C01FCF4C08A954540054247B /* Release */,
			);
			defaultConfigurationIsVisible = 0;
			defaultConfigurationName = Release;
		};
		C01FCF4E08A954540054247B /* Build configuration list for PBXProject "EchowavesNotifier" */ = {
			isa = XCConfigurationList;
			buildConfigurations = (
				C01FCF4F08A954540054247B /* Debug */,
				C01FCF5008A954540054247B /* Release */,
			);
			defaultConfigurationIsVisible = 0;
			defaultConfigurationName = Release;
		};
/* End XCConfigurationList section */
	};
	rootObject = 29B97313FDCFA39411CA2CEA /* Project object */;
}
